
Microsoft Visual Studio Solution File, Format Version 12.00
# Visual Studio Version 16
VisualStudioVersion = 16.0.31105.61
MinimumVisualStudioVersion = 10.0.40219.1
Project("{FAE04EC0-301F-11D3-BF4B-00C04F79EFBC}") = "NetDevTestPohach", "NetDevTestPohach\NetDevTestPohach.csproj", "{0AD3D88E-523F-48DE-91DB-0EDF20A78DDD}"
EndProject
Global
	GlobalSection(SolutionConfigurationPlatforms) = preSolution
		Debug|Any CPU = Debug|Any CPU
		Release|Any CPU = Release|Any CPU
	EndGlobalSection
	GlobalSection(ProjectConfigurationPlatforms) = postSolution
		{0AD3D88E-523F-48DE-91DB-0EDF20A78DDD}.Debug|Any CPU.ActiveCfg = Debug|Any CPU
		{0AD3D88E-523F-48DE-91DB-0EDF20A78DDD}.Debug|Any CPU.Build.0 = Debug|Any CPU
		{0AD3D88E-523F-48DE-91DB-0EDF20A78DDD}.Release|Any CPU.ActiveCfg = Release|Any CPU
		{0AD3D88E-523F-48DE-91DB-0EDF20A78DDD}.Release|Any CPU.Build.0 = Release|Any CPU
	EndGlobalSection
	GlobalSection(SolutionProperties) = preSolution
		HideSolutionNode = FALSE
	EndGlobalSection
	GlobalSection(ExtensibilityGlobals) = postSolution
		SolutionGuid = {67FC3C57-2AB8-4094-9D39-A2CFC3354A2D}
	EndGlobalSection
EndGlobal
